{
  "name": "mqtt",
  "version": "2.15.1",
  "lockfileVersion": 1,
  "requires": true,
  "dependencies": {
    "commist": {
      "version": "1.0.0",
      "requires": {
        "leven": "1.0.2",
        "minimist": "1.2.0"
      },
      "dependencies": {
        "leven": {
          "version": "1.0.2"
        },
        "minimist": {
          "version": "1.2.0"
        }
      }
    },
    "concat-stream": {
      "version": "1.6.0",
      "requires": {
        "inherits": "2.0.3",
        "readable-stream": "2.3.3",
        "typedarray": "0.0.6"
      },
      "dependencies": {
        "inherits": {
          "version": "2.0.3"
        },
        "readable-stream": {
          "version": "2.3.3",
          "requires": {
            "core-util-is": "1.0.2",
            "inherits": "2.0.3",
            "isarray": "1.0.0",
            "process-nextick-args": "1.0.7",
            "safe-buffer": "5.1.1",
            "string_decoder": "1.0.3",
            "util-deprecate": "1.0.2"
          },
          "dependencies": {
            "core-util-is": {
              "version": "1.0.2"
            },
            "inherits": {
              "version": "2.0.3"
            },
            "isarray": {
              "version": "1.0.0"
            },
            "process-nextick-args": {
              "version": "1.0.7"
            },
            "safe-buffer": {
              "version": "5.1.1"
            },
            "string_decoder": {
              "version": "1.0.3",
              "requires": {
                "safe-buffer": "5.1.1"
              },
              "dependencies": {
                "safe-buffer": {
                  "version": "5.1.1"
                }
              }
            },
            "util-deprecate": {
              "version": "1.0.2"
            }
          }
        },
        "typedarray": {
          "version": "0.0.6"
        }
      }
    },
    "end-of-stream": {
      "version": "1.4.1",
      "requires": {
        "once": "1.4.0"
      },
      "dependencies": {
        "once": {
          "version": "1.4.0",
          "requires": {
            "wrappy": "1.0.2"
          },
          "dependencies": {
            "wrappy": {
              "version": "1.0.2"
            }
          }
        }
      }
    },
    "help-me": {
      "version": "1.1.0",
      "requires": {
        "callback-stream": "1.1.0",
        "glob-stream": "6.1.0",
        "through2": "2.0.3",
        "xtend": "4.0.1"
      },
      "dependencies": {
        "callback-stream": {
          "version": "1.1.0",
          "requires": {
            "inherits": "2.0.3",
            "readable-stream": "2.3.3"
          },
          "dependencies": {
            "inherits": {
              "version": "2.0.3"
            },
            "readable-stream": {
              "version": "2.3.3",
              "requires": {
                "core-util-is": "1.0.2",
                "inherits": "2.0.3",
                "isarray": "1.0.0",
                "process-nextick-args": "1.0.7",
                "safe-buffer": "5.1.1",
                "string_decoder": "1.0.3",
                "util-deprecate": "1.0.2"
              },
              "dependencies": {
                "core-util-is": {
                  "version": "1.0.2"
                },
                "inherits": {
                  "version": "2.0.3"
                },
                "isarray": {
                  "version": "1.0.0"
                },
                "process-nextick-args": {
                  "version": "1.0.7"
                },
                "safe-buffer": {
                  "version": "5.1.1"
                },
                "string_decoder": {
                  "version": "1.0.3",
                  "requires": {
                    "safe-buffer": "5.1.1"
                  },
                  "dependencies": {
                    "safe-buffer": {
                      "version": "5.1.1"
                    }
                  }
                },
                "util-deprecate": {
                  "version": "1.0.2"
                }
              }
            }
          }
        },
        "glob-stream": {
          "version": "6.1.0",
          "requires": {
            "extend": "3.0.1",
            "glob": "7.1.2",
            "glob-parent": "3.1.0",
            "is-negated-glob": "1.0.0",
            "ordered-read-streams": "1.0.1",
            "pumpify": "1.4.0",
            "readable-stream": "2.3.3",
            "remove-trailing-separator": "1.1.0",
            "to-absolute-glob": "2.0.2",
            "unique-stream": "2.2.1"
          },
          "dependencies": {
            "extend": {
              "version": "3.0.1"
            },
            "glob": {
              "version": "7.1.2",
              "requires": {
                "fs.realpath": "1.0.0",
                "inflight": "1.0.6",
                "inherits": "2.0.3",
                "minimatch": "3.0.4",
                "once": "1.4.0",
                "path-is-absolute": "1.0.1"
              },
              "dependencies": {
                "fs.realpath": {
                  "version": "1.0.0"
                },
                "inflight": {
                  "version": "1.0.6",
                  "requires": {
                    "once": "1.4.0",
                    "wrappy": "1.0.2"
                  },
                  "dependencies": {
                    "once": {
                      "version": "1.4.0",
                      "requires": {
                        "wrappy": "1.0.2"
                      },
                      "dependencies": {
                        "wrappy": {
                          "version": "1.0.2"
                        }
                      }
                    },
                    "wrappy": {
                      "version": "1.0.2"
                    }
                  }
                },
                "inherits": {
                  "version": "2.0.3"
                },
                "minimatch": {
                  "version": "3.0.4",
                  "requires": {
                    "brace-expansion": "1.1.8"
                  },
                  "dependencies": {
                    "brace-expansion": {
                      "version": "1.1.8",
                      "requires": {
                        "balanced-match": "1.0.0",
                        "concat-map": "0.0.1"
                      },
                      "dependencies": {
                        "balanced-match": {
                          "version": "1.0.0"
                        },
                        "concat-map": {
                          "version": "0.0.1"
                        }
                      }
                    }
                  }
                },
                "once": {
                  "version": "1.4.0",
                  "requires": {
                    "wrappy": "1.0.2"
                  },
                  "dependencies": {
                    "wrappy": {
                      "version": "1.0.2"
                    }
                  }
                },
                "path-is-absolute": {
                  "version": "1.0.1"
                }
              }
            },
            "glob-parent": {
              "version": "3.1.0",
              "requires": {
                "is-glob": "3.1.0",
                "path-dirname": "1.0.2"
              },
              "dependencies": {
                "is-glob": {
                  "version": "3.1.0",
                  "requires": {
                    "is-extglob": "2.1.1"
                  },
                  "dependencies": {
                    "is-extglob": {
                      "version": "2.1.1"
                    }
                  }
                },
                "path-dirname": {
                  "version": "1.0.2"
                }
              }
            },
            "is-negated-glob": {
              "version": "1.0.0"
            },
            "ordered-read-streams": {
              "version": "1.0.1",
              "requires": {
                "readable-stream": "2.3.3"
              },
              "dependencies": {
                "readable-stream": {
                  "version": "2.3.3",
                  "requires": {
                    "core-util-is": "1.0.2",
                    "inherits": "2.0.3",
                    "isarray": "1.0.0",
                    "process-nextick-args": "1.0.7",
                    "safe-buffer": "5.1.1",
                    "string_decoder": "1.0.3",
                    "util-deprecate": "1.0.2"
                  },
                  "dependencies": {
                    "core-util-is": {
                      "version": "1.0.2"
                    },
                    "inherits": {
                      "version": "2.0.3"
                    },
                    "isarray": {
                      "version": "1.0.0"
                    },
                    "process-nextick-args": {
                      "version": "1.0.7"
                    },
                    "safe-buffer": {
                      "version": "5.1.1"
                    },
                    "string_decoder": {
                      "version": "1.0.3",
                      "requires": {
                        "safe-buffer": "5.1.1"
                      },
                      "dependencies": {
                        "safe-buffer": {
                          "version": "5.1.1"
                        }
                      }
                    },
                    "util-deprecate": {
                      "version": "1.0.2"
                    }
                  }
                }
              }
            },
            "pumpify": {
              "version": "1.4.0",
              "requires": {
                "duplexify": "3.5.3",
                "inherits": "2.0.3",
                "pump": "2.0.1"
              },
              "dependencies": {
                "duplexify": {
                  "version": "3.5.3",
                  "requires": {
                    "end-of-stream": "1.4.1",
                    "inherits": "2.0.3",
                    "readable-stream": "2.3.3",
                    "stream-shift": "1.0.0"
                  },
                  "dependencies": {
                    "end-of-stream": {
                      "version": "1.4.1",
                      "requires": {
                        "once": "1.4.0"
                      },
                      "dependencies": {
                        "once": {
                          "version": "1.4.0",
                          "requires": {
                            "wrappy": "1.0.2"
                          },
                          "dependencies": {
                            "wrappy": {
                              "version": "1.0.2"
                            }
                          }
                        }
                      }
                    },
                    "inherits": {
                      "version": "2.0.3"
                    },
                    "readable-stream": {
                      "version": "2.3.3",
                      "requires": {
                        "core-util-is": "1.0.2",
                        "inherits": "2.0.3",
                        "isarray": "1.0.0",
                        "process-nextick-args": "1.0.7",
                        "safe-buffer": "5.1.1",
                        "string_decoder": "1.0.3",
                        "util-deprecate": "1.0.2"
                      },
                      "dependencies": {
                        "core-util-is": {
                          "version": "1.0.2"
                        },
                        "inherits": {
                          "version": "2.0.3"
                        },
                        "isarray": {
                          "version": "1.0.0"
                        },
                        "process-nextick-args": {
                          "version": "1.0.7"
                        },
                        "safe-buffer": {
                          "version": "5.1.1"
                        },
                        "string_decoder": {
                          "version": "1.0.3",
                          "requires": {
                            "safe-buffer": "5.1.1"
                          },
                          "dependencies": {
                            "safe-buffer": {
                              "version": "5.1.1"
                            }
                          }
                        },
                        "util-deprecate": {
                          "version": "1.0.2"
                        }
                      }
                    },
                    "stream-shift": {
                      "version": "1.0.0"
                    }
                  }
                },
                "inherits": {
                  "version": "2.0.3"
                },
                "pump": {
                  "version": "2.0.1",
                  "requires": {
                    "end-of-stream": "1.4.1",
                    "once": "1.4.0"
                  },
                  "dependencies": {
                    "end-of-stream": {
                      "version": "1.4.1",
                      "requires": {
                        "once": "1.4.0"
                      },
                      "dependencies": {
                        "once": {
                          "version": "1.4.0",
                          "requires": {
                            "wrappy": "1.0.2"
                          },
                          "dependencies": {
                            "wrappy": {
                              "version": "1.0.2"
                            }
                          }
                        }
                      }
                    },
                    "once": {
                      "version": "1.4.0",
                      "requires": {
                        "wrappy": "1.0.2"
                      },
                      "dependencies": {
                        "wrappy": {
                          "version": "1.0.2"
                        }
                      }
                    }
                  }
                }
              }
            },
            "readable-stream": {
              "version": "2.3.3",
              "requires": {
                "core-util-is": "1.0.2",
                "inherits": "2.0.3",
                "isarray": "1.0.0",
                "process-nextick-args": "1.0.7",
                "safe-buffer": "5.1.1",
                "string_decoder": "1.0.3",
                "util-deprecate": "1.0.2"
              },
              "dependencies": {
                "core-util-is": {
                  "version": "1.0.2"
                },
                "inherits": {
                  "version": "2.0.3"
                },
                "isarray": {
                  "version": "1.0.0"
                },
                "process-nextick-args": {
                  "version": "1.0.7"
                },
                "safe-buffer": {
                  "version": "5.1.1"
                },
                "string_decoder": {
                  "version": "1.0.3",
                  "requires": {
                    "safe-buffer": "5.1.1"
                  },
                  "dependencies": {
                    "safe-buffer": {
                      "version": "5.1.1"
                    }
                  }
                },
                "util-deprecate": {
                  "version": "1.0.2"
                }
              }
            },
            "remove-trailing-separator": {
              "version": "1.1.0"
            },
            "to-absolute-glob": {
              "version": "2.0.2",
              "requires": {
                "is-absolute": "1.0.0",
                "is-negated-glob": "1.0.0"
              },
              "dependencies": {
                "is-absolute": {
                  "version": "1.0.0",
                  "requires": {
                    "is-relative": "1.0.0",
                    "is-windows": "1.0.1"
                  },
                  "dependencies": {
                    "is-relative": {
                      "version": "1.0.0",
                      "requires": {
                        "is-unc-path": "1.0.0"
                      },
                      "dependencies": {
                        "is-unc-path": {
                          "version": "1.0.0",
                          "requires": {
                            "unc-path-regex": "0.1.2"
                          },
                          "dependencies": {
                            "unc-path-regex": {
                              "version": "0.1.2"
                            }
                          }
                        }
                      }
                    },
                    "is-windows": {
                      "version": "1.0.1"
                    }
                  }
                },
                "is-negated-glob": {
                  "version": "1.0.0"
                }
              }
            },
            "unique-stream": {
              "version": "2.2.1",
              "requires": {
                "json-stable-stringify": "1.0.1",
                "through2-filter": "2.0.0"
              },
              "dependencies": {
                "json-stable-stringify": {
                  "version": "1.0.1",
                  "requires": {
                    "jsonify": "0.0.0"
                  },
                  "dependencies": {
                    "jsonify": {
                      "version": "0.0.0"
                    }
                  }
                },
                "through2-filter": {
                  "version": "2.0.0",
                  "requires": {
                    "through2": "2.0.3",
                    "xtend": "4.0.1"
                  },
                  "dependencies": {
                    "through2": {
                      "version": "2.0.3",
                      "requires": {
                        "readable-stream": "2.3.3",
                        "xtend": "4.0.1"
                      },
                      "dependencies": {
                        "readable-stream": {
                          "version": "2.3.3",
                          "requires": {
                            "core-util-is": "1.0.2",
                            "inherits": "2.0.3",
                            "isarray": "1.0.0",
                            "process-nextick-args": "1.0.7",
                            "safe-buffer": "5.1.1",
                            "string_decoder": "1.0.3",
                            "util-deprecate": "1.0.2"
                          },
                          "dependencies": {
                            "core-util-is": {
                              "version": "1.0.2"
                            },
                            "inherits": {
                              "version": "2.0.3"
                            },
                            "isarray": {
                              "version": "1.0.0"
                            },
                            "process-nextick-args": {
                              "version": "1.0.7"
                            },
                            "safe-buffer": {
                              "version": "5.1.1"
                            },
                            "string_decoder": {
                              "version": "1.0.3",
                              "requires": {
                                "safe-buffer": "5.1.1"
                              },
                              "dependencies": {
                                "safe-buffer": {
                                  "version": "5.1.1"
                                }
                              }
                            },
                            "util-deprecate": {
                              "version": "1.0.2"
                            }
                          }
                        },
                        "xtend": {
                          "version": "4.0.1"
                        }
                      }
                    },
                    "xtend": {
                      "version": "4.0.1"
                    }
                  }
                }
              }
            }
          }
        },
        "through2": {
          "version": "2.0.3",
          "requires": {
            "readable-stream": "2.3.3",
            "xtend": "4.0.1"
          },
          "dependencies": {
            "readable-stream": {
              "version": "2.3.3",
              "requires": {
                "core-util-is": "1.0.2",
                "inherits": "2.0.3",
                "isarray": "1.0.0",
                "process-nextick-args": "1.0.7",
                "safe-buffer": "5.1.1",
                "string_decoder": "1.0.3",
                "util-deprecate": "1.0.2"
              },
              "dependencies": {
                "core-util-is": {
                  "version": "1.0.2"
                },
                "inherits": {
                  "version": "2.0.3"
                },
                "isarray": {
                  "version": "1.0.0"
                },
                "process-nextick-args": {
                  "version": "1.0.7"
                },
                "safe-buffer": {
                  "version": "5.1.1"
                },
                "string_decoder": {
                  "version": "1.0.3",
                  "requires": {
                    "safe-buffer": "5.1.1"
                  },
                  "dependencies": {
                    "safe-buffer": {
                      "version": "5.1.1"
                    }
                  }
                },
                "util-deprecate": {
                  "version": "1.0.2"
                }
              }
            },
            "xtend": {
              "version": "4.0.1"
            }
          }
        },
        "xtend": {
          "version": "4.0.1"
        }
      }
    },
    "inherits": {
      "version": "2.0.3"
    },
    "minimist": {
      "version": "1.2.0"
    },
    "mqtt-packet": {
      "version": "5.4.0",
      "requires": {
        "bl": "1.2.1",
        "inherits": "2.0.3",
        "process-nextick-args": "1.0.7",
        "safe-buffer": "5.1.1"
      },
      "dependencies": {
        "bl": {
          "version": "1.2.1",
          "requires": {
            "readable-stream": "2.3.3"
          },
          "dependencies": {
            "readable-stream": {
              "version": "2.3.3",
              "requires": {
                "core-util-is": "1.0.2",
                "inherits": "2.0.3",
                "isarray": "1.0.0",
                "process-nextick-args": "1.0.7",
                "safe-buffer": "5.1.1",
                "string_decoder": "1.0.3",
                "util-deprecate": "1.0.2"
              },
              "dependencies": {
                "core-util-is": {
                  "version": "1.0.2"
                },
                "inherits": {
                  "version": "2.0.3"
                },
                "isarray": {
                  "version": "1.0.0"
                },
                "process-nextick-args": {
                  "version": "1.0.7"
                },
                "safe-buffer": {
                  "version": "5.1.1"
                },
                "string_decoder": {
                  "version": "1.0.3",
                  "requires": {
                    "safe-buffer": "5.1.1"
                  },
                  "dependencies": {
                    "safe-buffer": {
                      "version": "5.1.1"
                    }
                  }
                },
                "util-deprecate": {
                  "version": "1.0.2"
                }
              }
            }
          }
        },
        "inherits": {
          "version": "2.0.3"
        },
        "process-nextick-args": {
          "version": "1.0.7"
        },
        "safe-buffer": {
          "version": "5.1.1"
        }
      }
    },
    "pump": {
      "version": "2.0.1",
      "requires": {
        "end-of-stream": "1.4.1",
        "once": "1.4.0"
      },
      "dependencies": {
        "end-of-stream": {
          "version": "1.4.1",
          "requires": {
            "once": "1.4.0"
          },
          "dependencies": {
            "once": {
              "version": "1.4.0",
              "requires": {
                "wrappy": "1.0.2"
              },
              "dependencies": {
                "wrappy": {
                  "version": "1.0.2"
                }
              }
            }
          }
        },
        "once": {
          "version": "1.4.0",
          "requires": {
            "wrappy": "1.0.2"
          },
          "dependencies": {
            "wrappy": {
              "version": "1.0.2"
            }
          }
        }
      }
    },
    "readable-stream": {
      "version": "2.3.3",
      "requires": {
        "core-util-is": "1.0.2",
        "inherits": "2.0.3",
        "isarray": "1.0.0",
        "process-nextick-args": "1.0.7",
        "safe-buffer": "5.1.1",
        "string_decoder": "1.0.3",
        "util-deprecate": "1.0.2"
      },
      "dependencies": {
        "core-util-is": {
          "version": "1.0.2"
        },
        "inherits": {
          "version": "2.0.3"
        },
        "isarray": {
          "version": "1.0.0"
        },
        "process-nextick-args": {
          "version": "1.0.7"
        },
        "safe-buffer": {
          "version": "5.1.1"
        },
        "string_decoder": {
          "version": "1.0.3",
          "requires": {
            "safe-buffer": "5.1.1"
          },
          "dependencies": {
            "safe-buffer": {
              "version": "5.1.1"
            }
          }
        },
        "util-deprecate": {
          "version": "1.0.2"
        }
      }
    },
    "reinterval": {
      "version": "1.1.0"
    },
    "split2": {
      "version": "2.2.0",
      "requires": {
        "through2": "2.0.3"
      },
      "dependencies": {
        "through2": {
          "version": "2.0.3",
          "requires": {
            "readable-stream": "2.3.3",
            "xtend": "4.0.1"
          },
          "dependencies": {
            "readable-stream": {
              "version": "2.3.3",
              "requires": {
                "core-util-is": "1.0.2",
                "inherits": "2.0.3",
                "isarray": "1.0.0",
                "process-nextick-args": "1.0.7",
                "safe-buffer": "5.1.1",
                "string_decoder": "1.0.3",
                "util-deprecate": "1.0.2"
              },
              "dependencies": {
                "core-util-is": {
                  "version": "1.0.2"
                },
                "inherits": {
                  "version": "2.0.3"
                },
                "isarray": {
                  "version": "1.0.0"
                },
                "process-nextick-args": {
                  "version": "1.0.7"
                },
                "safe-buffer": {
                  "version": "5.1.1"
                },
                "string_decoder": {
                  "version": "1.0.3",
                  "requires": {
                    "safe-buffer": "5.1.1"
                  },
                  "dependencies": {
                    "safe-buffer": {
                      "version": "5.1.1"
                    }
                  }
                },
                "util-deprecate": {
                  "version": "1.0.2"
                }
              }
            },
            "xtend": {
              "version": "4.0.1"
            }
          }
        }
      }
    },
    "websocket-stream": {
      "version": "5.1.1",
      "requires": {
        "duplexify": "3.5.3",
        "inherits": "2.0.3",
        "readable-stream": "2.3.3",
        "safe-buffer": "5.1.1",
        "ws": "3.3.3",
        "xtend": "4.0.1"
      },
      "dependencies": {
        "duplexify": {
          "version": "3.5.3",
          "requires": {
            "end-of-stream": "1.4.1",
            "inherits": "2.0.3",
            "readable-stream": "2.3.3",
            "stream-shift": "1.0.0"
          },
          "dependencies": {
            "end-of-stream": {
              "version": "1.4.1",
              "requires": {
                "once": "1.4.0"
              },
              "dependencies": {
                "once": {
                  "version": "1.4.0",
                  "requires": {
                    "wrappy": "1.0.2"
                  },
                  "dependencies": {
                    "wrappy": {
                      "version": "1.0.2"
                    }
                  }
                }
              }
            },
            "inherits": {
              "version": "2.0.3"
            },
            "readable-stream": {
              "version": "2.3.3",
              "requires": {
                "core-util-is": "1.0.2",
                "inherits": "2.0.3",
                "isarray": "1.0.0",
                "process-nextick-args": "1.0.7",
                "safe-buffer": "5.1.1",
                "string_decoder": "1.0.3",
                "util-deprecate": "1.0.2"
              },
              "dependencies": {
                "core-util-is": {
                  "version": "1.0.2"
                },
                "inherits": {
                  "version": "2.0.3"
                },
                "isarray": {
                  "version": "1.0.0"
                },
                "process-nextick-args": {
                  "version": "1.0.7"
                },
                "safe-buffer": {
                  "version": "5.1.1"
                },
                "string_decoder": {
                  "version": "1.0.3",
                  "requires": {
                    "safe-buffer": "5.1.1"
                  },
                  "dependencies": {
                    "safe-buffer": {
                      "version": "5.1.1"
                    }
                  }
                },
                "util-deprecate": {
                  "version": "1.0.2"
                }
              }
            },
            "stream-shift": {
              "version": "1.0.0"
            }
          }
        },
        "inherits": {
          "version": "2.0.3"
        },
        "readable-stream": {
          "version": "2.3.3",
          "requires": {
            "core-util-is": "1.0.2",
            "inherits": "2.0.3",
            "isarray": "1.0.0",
            "process-nextick-args": "1.0.7",
            "safe-buffer": "5.1.1",
            "string_decoder": "1.0.3",
            "util-deprecate": "1.0.2"
          },
          "dependencies": {
            "core-util-is": {
              "version": "1.0.2"
            },
            "inherits": {
              "version": "2.0.3"
            },
            "isarray": {
              "version": "1.0.0"
            },
            "process-nextick-args": {
              "version": "1.0.7"
            },
            "safe-buffer": {
              "version": "5.1.1"
            },
            "string_decoder": {
              "version": "1.0.3",
              "requires": {
                "safe-buffer": "5.1.1"
              },
              "dependencies": {
                "safe-buffer": {
                  "version": "5.1.1"
                }
              }
            },
            "util-deprecate": {
              "version": "1.0.2"
            }
          }
        },
        "safe-buffer": {
          "version": "5.1.1"
        },
        "ws": {
          "version": "3.3.3",
          "requires": {
            "async-limiter": "1.0.0",
            "safe-buffer": "5.1.1",
            "ultron": "1.1.1"
          },
          "dependencies": {
            "async-limiter": {
              "version": "1.0.0"
            },
            "safe-buffer": {
              "version": "5.1.1"
            },
            "ultron": {
              "version": "1.1.1"
            }
          }
        },
        "xtend": {
          "version": "4.0.1"
        }
      }
    },
    "xtend": {
      "version": "4.0.1"
    }
  }
}
