{
  "name": "engine.io-parser",
  "version": "2.1.1",
  "dependencies": {
    "after": {
      "version": "0.8.2"
    },
    "arraybuffer.slice": {
      "version": "0.0.6"
    },
    "base64-arraybuffer": {
      "version": "0.1.5"
    },
    "blob": {
      "version": "0.0.4"
    },
    "has-binary2": {
      "version": "1.0.2",
      "dependencies": {
        "isarray": {
          "version": "2.0.1"
        }
      }
    }
  }
}
