{
  "name": "serve-static",
  "version": "1.13.1",
  "lockfileVersion": 1,
  "requires": true,
  "dependencies": {
    "encodeurl": {
      "version": "1.0.1"
    },
    "escape-html": {
      "version": "1.0.3"
    },
    "parseurl": {
      "version": "1.3.2"
    },
    "send": {
      "version": "0.16.1",
      "requires": {
        "debug": "2.6.9",
        "depd": "1.1.1",
        "destroy": "1.0.4",
        "encodeurl": "1.0.1",
        "escape-html": "1.0.3",
        "etag": "1.8.1",
        "fresh": "0.5.2",
        "http-errors": "1.6.2",
        "mime": "1.4.1",
        "ms": "2.0.0",
        "on-finished": "2.3.0",
        "range-parser": "1.2.0",
        "statuses": "1.3.1"
      },
      "dependencies": {
        "debug": {
          "version": "2.6.9",
          "requires": {
            "ms": "2.0.0"
          },
          "dependencies": {
            "ms": {
              "version": "2.0.0"
            }
          }
        },
        "depd": {
          "version": "1.1.1"
        },
        "destroy": {
          "version": "1.0.4"
        },
        "encodeurl": {
          "version": "1.0.1"
        },
        "escape-html": {
          "version": "1.0.3"
        },
        "etag": {
          "version": "1.8.1"
        },
        "fresh": {
          "version": "0.5.2"
        },
        "http-errors": {
          "version": "1.6.2",
          "requires": {
            "depd": "1.1.1",
            "inherits": "2.0.3",
            "setprototypeof": "1.0.3",
            "statuses": "1.4.0"
          },
          "dependencies": {
            "depd": {
              "version": "1.1.1"
            },
            "inherits": {
              "version": "2.0.3"
            },
            "setprototypeof": {
              "version": "1.0.3"
            },
            "statuses": {
              "version": "1.4.0"
            }
          }
        },
        "mime": {
          "version": "1.4.1"
        },
        "ms": {
          "version": "2.0.0"
        },
        "on-finished": {
          "version": "2.3.0",
          "requires": {
            "ee-first": "1.1.1"
          },
          "dependencies": {
            "ee-first": {
              "version": "1.1.1"
            }
          }
        },
        "range-parser": {
          "version": "1.2.0"
        },
        "statuses": {
          "version": "1.3.1"
        }
      }
    }
  }
}
